
Microsoft Visual Studio Solution File, Format Version 12.00
# Visual Studio Version 16
VisualStudioVersion = 16.0.30907.101
MinimumVisualStudioVersion = 10.0.40219.1
Project("{FAE04EC0-301F-11D3-BF4B-00C04F79EFBC}") = "CardMaker", "CardMaker\CardMaker.csproj", "{86DBFB10-697F-4EEB-BE7B-97896124A04E}"
EndProject
Global
	GlobalSection(SolutionConfigurationPlatforms) = preSolution
		Debug|Any CPU = Debug|Any CPU
		Release|Any CPU = Release|Any CPU
	EndGlobalSection
	GlobalSection(ProjectConfigurationPlatforms) = postSolution
		{86DBFB10-697F-4EEB-BE7B-97896124A04E}.Debug|Any CPU.ActiveCfg = Debug|Any CPU
		{86DBFB10-697F-4EEB-BE7B-97896124A04E}.Debug|Any CPU.Build.0 = Debug|Any CPU
		{86DBFB10-697F-4EEB-BE7B-97896124A04E}.Release|Any CPU.ActiveCfg = Release|Any CPU
		{86DBFB10-697F-4EEB-BE7B-97896124A04E}.Release|Any CPU.Build.0 = Release|Any CPU
	EndGlobalSection
	GlobalSection(SolutionProperties) = preSolution
		HideSolutionNode = FALSE
	EndGlobalSection
	GlobalSection(ExtensibilityGlobals) = postSolution
		SolutionGuid = {B4156A98-96C4-4476-B008-62AF13473817}
	EndGlobalSection
EndGlobal
